
Microsoft Visual Studio Solution File, Format Version 12.00
# Visual Studio 2012
Project("{FAE04EC0-301F-11D3-BF4B-00C04F79EFBC}") = "TestCecil", "TestCecil\TestCecil.csproj", "{8CB40886-5473-4AF4-9308-8918651B74F5}"
EndProject
Global
	GlobalSection(SolutionConfigurationPlatforms) = preSolution
		Debug|x86 = Debug|x86
		Release|x86 = Release|x86
	EndGlobalSection
	GlobalSection(ProjectConfigurationPlatforms) = postSolution
		{8CB40886-5473-4AF4-9308-8918651B74F5}.Debug|x86.ActiveCfg = Debug|x86
		{8CB40886-5473-4AF4-9308-8918651B74F5}.Debug|x86.Build.0 = Debug|x86
		{8CB40886-5473-4AF4-9308-8918651B74F5}.Release|x86.ActiveCfg = Release|x86
		{8CB40886-5473-4AF4-9308-8918651B74F5}.Release|x86.Build.0 = Release|x86
	EndGlobalSection
EndGlobal
